
Microsoft Visual Studio Solution File, Format Version 12.00
# Visual Studio Version 16
VisualStudioVersion = 16.0.31410.357
MinimumVisualStudioVersion = 10.0.40219.1
Project("{FAE04EC0-301F-11D3-BF4B-00C04F79EFBC}") = "Umwelt.Faculty.Csv.Algorithm2", "Umwelt.Faculty.Csv.Algorithm2\Umwelt.Faculty.Csv.Algorithm2.csproj", "{14DC11F7-85FB-46AA-AC71-4D40115FA785}"
EndProject
Project("{9A19103F-16F7-4668-BE54-9A1E7A4F7556}") = "Umwelt.Faculty.FacultyBase", "..\..\..\Documents\UmweltFaculties\Umwelt.Faculty.FacultyBase\Umwelt.Faculty.FacultyBase\Umwelt.Faculty.FacultyBase.csproj", "{FA595D9C-0FC9-44DB-9FEA-3DD55B418704}"
EndProject
Global
	GlobalSection(SolutionConfigurationPlatforms) = preSolution
		Debug|Any CPU = Debug|Any CPU
		Release|Any CPU = Release|Any CPU
	EndGlobalSection
	GlobalSection(ProjectConfigurationPlatforms) = postSolution
		{14DC11F7-85FB-46AA-AC71-4D40115FA785}.Debug|Any CPU.ActiveCfg = Debug|Any CPU
		{14DC11F7-85FB-46AA-AC71-4D40115FA785}.Debug|Any CPU.Build.0 = Debug|Any CPU
		{14DC11F7-85FB-46AA-AC71-4D40115FA785}.Release|Any CPU.ActiveCfg = Release|Any CPU
		{14DC11F7-85FB-46AA-AC71-4D40115FA785}.Release|Any CPU.Build.0 = Release|Any CPU
		{FA595D9C-0FC9-44DB-9FEA-3DD55B418704}.Debug|Any CPU.ActiveCfg = Debug|Any CPU
		{FA595D9C-0FC9-44DB-9FEA-3DD55B418704}.Debug|Any CPU.Build.0 = Debug|Any CPU
		{FA595D9C-0FC9-44DB-9FEA-3DD55B418704}.Release|Any CPU.ActiveCfg = Release|Any CPU
		{FA595D9C-0FC9-44DB-9FEA-3DD55B418704}.Release|Any CPU.Build.0 = Release|Any CPU
	EndGlobalSection
	GlobalSection(SolutionProperties) = preSolution
		HideSolutionNode = FALSE
	EndGlobalSection
	GlobalSection(ExtensibilityGlobals) = postSolution
		SolutionGuid = {43323204-9F31-4F73-AF5D-40FDF6D7B884}
	EndGlobalSection
EndGlobal
